PODS:
  - AgmaSdkIos (2.0.0)
  - PrebidMobile (2.5.0):
    - PrebidMobile/core (= 2.5.0)
  - PrebidMobile/core (2.5.0)

DEPENDENCIES:
  - AgmaSdkIos (from `https://github.com/agma-dna/agma-sdk-ios.git`, tag `2.0.0`)
  - PrebidMobile (~> 2.5.0)

SPEC REPOS:
  trunk:
    - PrebidMobile

EXTERNAL SOURCES:
  AgmaSdkIos:
    :git: https://github.com/agma-dna/agma-sdk-ios.git
    :tag: 2.0.0

CHECKOUT OPTIONS:
  AgmaSdkIos:
    :git: https://github.com/agma-dna/agma-sdk-ios.git
    :tag: 2.0.0

SPEC CHECKSUMS:
  AgmaSdkIos: 7dd9937ba1a442d0a625d98522acedbcd3f1f045
  PrebidMobile: 5dbcb5e3c00313803d20f5c4e45a3357c049cd01

PODFILE CHECKSUM: dc11bb1d7b1322bb063365118c5d1403e425517b

COCOAPODS: 1.16.2
