PODS:
  - AgmaSdkIos (1.1.1)
  - PrebidMobile (2.4.0):
    - PrebidMobile/core (= 2.4.0)
  - PrebidMobile/core (2.4.0)

DEPENDENCIES:
  - AgmaSdkIos (from `https://github.com/agma-dna/agma-sdk-ios.git`, tag `1.1.1`)
  - PrebidMobile (~> 2.4.0)

SPEC REPOS:
  trunk:
    - PrebidMobile

EXTERNAL SOURCES:
  AgmaSdkIos:
    :git: https://github.com/agma-dna/agma-sdk-ios.git
    :tag: 1.1.1

CHECKOUT OPTIONS:
  AgmaSdkIos:
    :git: https://github.com/agma-dna/agma-sdk-ios.git
    :tag: 1.1.1

SPEC CHECKSUMS:
  AgmaSdkIos: 6f41db1301c83aadd375a2bcb9845058665e5cc0
  PrebidMobile: cad263381f04c99e7be8311155cf32a707afe442

PODFILE CHECKSUM: 0165dcfe12f676630b9427fee52669eff08c0584

COCOAPODS: 1.15.2
