PODS:
  - AgmaSdkIos (1.0.1)
  - PrebidMobile (2.4.0):
    - PrebidMobile/core (= 2.4.0)
  - PrebidMobile/core (2.4.0)

DEPENDENCIES:
  - AgmaSdkIos (from `https://github.com/agma-dna/agma-sdk-ios.git`, tag `1.0.1`)
  - PrebidMobile (~> 2.4.0)

SPEC REPOS:
  trunk:
    - PrebidMobile

EXTERNAL SOURCES:
  AgmaSdkIos:
    :git: https://github.com/agma-dna/agma-sdk-ios.git
    :tag: 1.0.1

CHECKOUT OPTIONS:
  AgmaSdkIos:
    :git: https://github.com/agma-dna/agma-sdk-ios.git
    :tag: 1.0.1

SPEC CHECKSUMS:
  AgmaSdkIos: faa57b4a4102ac9a497b41e899206ce6f0d98565
  PrebidMobile: cad263381f04c99e7be8311155cf32a707afe442

PODFILE CHECKSUM: f5bee8ff1010a0637569b2bb2685897651954360

COCOAPODS: 1.15.2
