{
  "originHash" : "9b033c0eac8fcda9c4f723f883046ab458f2b480c169c2ce4c605993d34b5c37",
  "pins" : [
    {
      "identity" : "agma-sdk-ios",
      "kind" : "remoteSourceControl",
      "location" : "https://github.com/agma-dna/agma-sdk-ios.git",
      "state" : {
        "revision" : "17b64a8b5bb9fefd5b4861be5c1944322bb6bc2e",
        "version" : "2.0.0"
      }
    }
  ],
  "version" : 3
}
