{
  "originHash" : "9b033c0eac8fcda9c4f723f883046ab458f2b480c169c2ce4c605993d34b5c37",
  "pins" : [
    {
      "identity" : "agma-sdk-ios",
      "kind" : "remoteSourceControl",
      "location" : "https://github.com/agma-dna/agma-sdk-ios.git",
      "state" : {
        "revision" : "a2a30e8e92ff7b9a691d51c5ab33eb5f949ea321",
        "version" : "1.0.1"
      }
    }
  ],
  "version" : 3
}
